
Microsoft Visual Studio Solution File, Format Version 12.00
# Visual Studio 15
VisualStudioVersion = 15.0.27004.2008
MinimumVisualStudioVersion = 10.0.40219.1
Project("{FAE04EC0-301F-11D3-BF4B-00C04F79EFBC}") = "Lagash.NoSql.MongoDB", "Lagash.NoSql.MongoDB\Lagash.NoSql.MongoDB.csproj", "{3A7A4AF4-70C2-4D98-8F3A-23E12BE2A283}"
EndProject
Project("{FAE04EC0-301F-11D3-BF4B-00C04F79EFBC}") = "Lagash.NoSql.MongoDB.Models", "Lagash.NoSql.MongoDB.Models\Lagash.NoSql.MongoDB.Models.csproj", "{71F831A7-3B8E-4BF8-97D7-3001E009FE41}"
EndProject
Project("{FAE04EC0-301F-11D3-BF4B-00C04F79EFBC}") = "Lagash.NoSql.MongoDB.Repository", "Lagash.NoSql.MongoDB.Repository\Lagash.NoSql.MongoDB.Repository.csproj", "{313ED2BB-2FFC-465E-8ABB-80C3FD846A05}"
EndProject
Global
	GlobalSection(SolutionConfigurationPlatforms) = preSolution
		Debug|Any CPU = Debug|Any CPU
		Release|Any CPU = Release|Any CPU
	EndGlobalSection
	GlobalSection(ProjectConfigurationPlatforms) = postSolution
		{3A7A4AF4-70C2-4D98-8F3A-23E12BE2A283}.Debug|Any CPU.ActiveCfg = Debug|Any CPU
		{3A7A4AF4-70C2-4D98-8F3A-23E12BE2A283}.Debug|Any CPU.Build.0 = Debug|Any CPU
		{3A7A4AF4-70C2-4D98-8F3A-23E12BE2A283}.Release|Any CPU.ActiveCfg = Release|Any CPU
		{3A7A4AF4-70C2-4D98-8F3A-23E12BE2A283}.Release|Any CPU.Build.0 = Release|Any CPU
		{71F831A7-3B8E-4BF8-97D7-3001E009FE41}.Debug|Any CPU.ActiveCfg = Debug|Any CPU
		{71F831A7-3B8E-4BF8-97D7-3001E009FE41}.Debug|Any CPU.Build.0 = Debug|Any CPU
		{71F831A7-3B8E-4BF8-97D7-3001E009FE41}.Release|Any CPU.ActiveCfg = Release|Any CPU
		{71F831A7-3B8E-4BF8-97D7-3001E009FE41}.Release|Any CPU.Build.0 = Release|Any CPU
		{313ED2BB-2FFC-465E-8ABB-80C3FD846A05}.Debug|Any CPU.ActiveCfg = Debug|Any CPU
		{313ED2BB-2FFC-465E-8ABB-80C3FD846A05}.Debug|Any CPU.Build.0 = Debug|Any CPU
		{313ED2BB-2FFC-465E-8ABB-80C3FD846A05}.Release|Any CPU.ActiveCfg = Release|Any CPU
		{313ED2BB-2FFC-465E-8ABB-80C3FD846A05}.Release|Any CPU.Build.0 = Release|Any CPU
	EndGlobalSection
	GlobalSection(SolutionProperties) = preSolution
		HideSolutionNode = FALSE
	EndGlobalSection
	GlobalSection(ExtensibilityGlobals) = postSolution
		SolutionGuid = {D1F9E0AF-1F17-4D23-9E5F-4C07B6706A56}
	EndGlobalSection
EndGlobal
